
Microsoft Visual Studio Solution File, Format Version 12.00
# Visual Studio Version 17
VisualStudioVersion = 17.6.33723.286
MinimumVisualStudioVersion = 10.0.40219.1
Project("{9A19103F-16F7-4668-BE54-9A1E7A4F7556}") = "HeartyHearthWinForm", "HeartyHearthWinForm\HeartyHearthWinForm.csproj", "{B1148BC8-740F-45BA-8763-D052A2660373}"
EndProject
Project("{9A19103F-16F7-4668-BE54-9A1E7A4F7556}") = "CPUFramework", "..\CPUFramework\CPUFramework.csproj", "{69755AA7-83F7-4F47-BA51-E4AAEF6DF823}"
EndProject
Global
	GlobalSection(SolutionConfigurationPlatforms) = preSolution
		Debug|Any CPU = Debug|Any CPU
		Release|Any CPU = Release|Any CPU
	EndGlobalSection
	GlobalSection(ProjectConfigurationPlatforms) = postSolution
		{B1148BC8-740F-45BA-8763-D052A2660373}.Debug|Any CPU.ActiveCfg = Debug|Any CPU
		{B1148BC8-740F-45BA-8763-D052A2660373}.Debug|Any CPU.Build.0 = Debug|Any CPU
		{B1148BC8-740F-45BA-8763-D052A2660373}.Release|Any CPU.ActiveCfg = Release|Any CPU
		{B1148BC8-740F-45BA-8763-D052A2660373}.Release|Any CPU.Build.0 = Release|Any CPU
		{69755AA7-83F7-4F47-BA51-E4AAEF6DF823}.Debug|Any CPU.ActiveCfg = Debug|Any CPU
		{69755AA7-83F7-4F47-BA51-E4AAEF6DF823}.Debug|Any CPU.Build.0 = Debug|Any CPU
		{69755AA7-83F7-4F47-BA51-E4AAEF6DF823}.Release|Any CPU.ActiveCfg = Release|Any CPU
		{69755AA7-83F7-4F47-BA51-E4AAEF6DF823}.Release|Any CPU.Build.0 = Release|Any CPU
	EndGlobalSection
	GlobalSection(SolutionProperties) = preSolution
		HideSolutionNode = FALSE
	EndGlobalSection
	GlobalSection(ExtensibilityGlobals) = postSolution
		SolutionGuid = {BDDD1529-A660-42F5-9397-77B594350984}
	EndGlobalSection
EndGlobal
