
Microsoft Visual Studio Solution File, Format Version 12.00
# Visual Studio Version 17
VisualStudioVersion = 17.12.35527.113
MinimumVisualStudioVersion = 10.0.40219.1
Project("{FAE04EC0-301F-11D3-BF4B-00C04F79EFBC}") = "CPUFramework", "..\..\CPUFramework\CPUFramework.csproj", "{8E97D75A-612C-4709-9E16-2E0521455844}"
EndProject
Project("{FAE04EC0-301F-11D3-BF4B-00C04F79EFBC}") = "HeartyHearthWinForm", "HeartyHearthWinForm\HeartyHearthWinForm.csproj", "{16F69F57-3E9E-42E6-A33A-F595CE51D15B}"
EndProject
Project("{FAE04EC0-301F-11D3-BF4B-00C04F79EFBC}") = "CPUWindowFormsFramework", "..\..\CPUWindowsFormFramework\CPUWindowFormsFramework.csproj", "{9E123346-9659-4574-99C7-BF969603CDA7}"
EndProject
Global
	GlobalSection(SolutionConfigurationPlatforms) = preSolution
		Debug|Any CPU = Debug|Any CPU
		Release|Any CPU = Release|Any CPU
	EndGlobalSection
	GlobalSection(ProjectConfigurationPlatforms) = postSolution
		{8E97D75A-612C-4709-9E16-2E0521455844}.Debug|Any CPU.ActiveCfg = Debug|Any CPU
		{8E97D75A-612C-4709-9E16-2E0521455844}.Debug|Any CPU.Build.0 = Debug|Any CPU
		{8E97D75A-612C-4709-9E16-2E0521455844}.Release|Any CPU.ActiveCfg = Release|Any CPU
		{8E97D75A-612C-4709-9E16-2E0521455844}.Release|Any CPU.Build.0 = Release|Any CPU
		{16F69F57-3E9E-42E6-A33A-F595CE51D15B}.Debug|Any CPU.ActiveCfg = Debug|Any CPU
		{16F69F57-3E9E-42E6-A33A-F595CE51D15B}.Debug|Any CPU.Build.0 = Debug|Any CPU
		{16F69F57-3E9E-42E6-A33A-F595CE51D15B}.Release|Any CPU.ActiveCfg = Release|Any CPU
		{16F69F57-3E9E-42E6-A33A-F595CE51D15B}.Release|Any CPU.Build.0 = Release|Any CPU
		{9E123346-9659-4574-99C7-BF969603CDA7}.Debug|Any CPU.ActiveCfg = Debug|Any CPU
		{9E123346-9659-4574-99C7-BF969603CDA7}.Debug|Any CPU.Build.0 = Debug|Any CPU
		{9E123346-9659-4574-99C7-BF969603CDA7}.Release|Any CPU.ActiveCfg = Release|Any CPU
		{9E123346-9659-4574-99C7-BF969603CDA7}.Release|Any CPU.Build.0 = Release|Any CPU
	EndGlobalSection
	GlobalSection(SolutionProperties) = preSolution
		HideSolutionNode = FALSE
	EndGlobalSection
EndGlobal
